
Microsoft Visual Studio Solution File, Format Version 12.00
# Visual Studio Version 17
VisualStudioVersion = 17.13.35828.75 d17.13
MinimumVisualStudioVersion = 10.0.40219.1
Project("{FAE04EC0-301F-11D3-BF4B-00C04F79EFBC}") = "MvcMovie", "MvcMovie.csproj", "{C9F1D8BF-FCE0-4C57-AA09-F12259EFF751}"
EndProject
Global
	GlobalSection(SolutionConfigurationPlatforms) = preSolution
		Debug|Any CPU = Debug|Any CPU
		Release|Any CPU = Release|Any CPU
	EndGlobalSection
	GlobalSection(ProjectConfigurationPlatforms) = postSolution
		{C9F1D8BF-FCE0-4C57-AA09-F12259EFF751}.Debug|Any CPU.ActiveCfg = Debug|Any CPU
		{C9F1D8BF-FCE0-4C57-AA09-F12259EFF751}.Debug|Any CPU.Build.0 = Debug|Any CPU
		{C9F1D8BF-FCE0-4C57-AA09-F12259EFF751}.Release|Any CPU.ActiveCfg = Release|Any CPU
		{C9F1D8BF-FCE0-4C57-AA09-F12259EFF751}.Release|Any CPU.Build.0 = Release|Any CPU
	EndGlobalSection
	GlobalSection(SolutionProperties) = preSolution
		HideSolutionNode = FALSE
	EndGlobalSection
	GlobalSection(ExtensibilityGlobals) = postSolution
		SolutionGuid = {AEA92C67-C079-48DF-BB96-F13C2591F45F}
	EndGlobalSection
EndGlobal
